// !$*UTF8*$!
{
	archiveVersion = 1;
	classes = {
	};
	objectVersion = 56;
	objects = {

/* Begin PBXBuildFile section */
		7E26AFEA28D20B5F000C7B44 /* AppDelegate.swift in Sources */ = {isa = PBXBuildFile; fileRef = 7E26AFE928D20B5F000C7B44 /* AppDelegate.swift */; };
		7E26AFEC28D20B5F000C7B44 /* SceneDelegate.swift in Sources */ = {isa = PBXBuildFile; fileRef = 7E26AFEB28D20B5F000C7B44 /* SceneDelegate.swift */; };
		7E26AFEE28D20B5F000C7B44 /* ViewController.swift in Sources */ = {isa = PBXBuildFile; fileRef = 7E26AFED28D20B5F000C7B44 /* ViewController.swift */; };
		7E26AFF128D20B5F000C7B44 /* Main.storyboard in Resources */ = {isa = PBXBuildFile; fileRef = 7E26AFEF28D20B5F000C7B44 /* Main.storyboard */; };
		7E26AFF328D20B61000C7B44 /* Assets.xcassets in Resources */ = {isa = PBXBuildFile; fileRef = 7E26AFF228D20B61000C7B44 /* Assets.xcassets */; };
		7E26AFF628D20B61000C7B44 /* LaunchScreen.storyboard in Resources */ = {isa = PBXBuildFile; fileRef = 7E26AFF428D20B61000C7B44 /* LaunchScreen.storyboard */; };
/* End PBXBuildFile section */

/* Begin PBXFileReference section */
		7E26AFE628D20B5F000C7B44 /* Swiftbook-iosDev-2.2-UIKit-ColorSliders.app */ = {isa = PBXFileReference; explicitFileType = wrapper.application; includeInIndex = 0; path = "Swiftbook-iosDev-2.2-UIKit-ColorSliders.app"; sourceTree = BUILT_PRODUCTS_DIR; };
		7E26AFE928D20B5F000C7B44 /* AppDelegate.swift */ = {isa = PBXFileReference; lastKnownFileType = sourcecode.swift; path = AppDelegate.swift; sourceTree = "<group>"; };
		7E26AFEB28D20B5F000C7B44 /* SceneDelegate.swift */ = {isa = PBXFileReference; lastKnownFileType = sourcecode.swift; path = SceneDelegate.swift; sourceTree = "<group>"; };
		7E26AFED28D20B5F000C7B44 /* ViewController.swift */ = {isa = PBXFileReference; lastKnownFileType = sourcecode.swift; path = ViewController.swift; sourceTree = "<group>"; };
		7E26AFF028D20B5F000C7B44 /* Base */ = {isa = PBXFileReference; lastKnownFileType = file.storyboard; name = Base; path = Base.lproj/Main.storyboard; sourceTree = "<group>"; };
		7E26AFF228D20B61000C7B44 /* Assets.xcassets */ = {isa = PBXFileReference; lastKnownFileType = folder.assetcatalog; path = Assets.xcassets; sourceTree = "<group>"; };
		7E26AFF528D20B61000C7B44 /* Base */ = {isa = PBXFileReference; lastKnownFileType = file.storyboard; name = Base; path = Base.lproj/LaunchScreen.storyboard; sourceTree = "<group>"; };
		7E26AFF728D20B61000C7B44 /* Info.plist */ = {isa = PBXFileReference; lastKnownFileType = text.plist.xml; path = Info.plist; sourceTree = "<group>"; };
/* End PBXFileReference section */

/* Begin PBXFrameworksBuildPhase section */
		7E26AFE328D20B5F000C7B44 /* Frameworks */ = {
			isa = PBXFrameworksBuildPhase;
			buildActionMask = 2147483647;
			files = (
			);
			runOnlyForDeploymentPostprocessing = 0;
		};
/* End PBXFrameworksBuildPhase section */

/* Begin PBXGroup section */
		7E26AFDD28D20B5F000C7B44 = {
			isa = PBXGroup;
			children = (
				7E26AFE828D20B5F000C7B44 /* Swiftbook-iosDev-2.2-UIKit-ColorSliders */,
				7E26AFE728D20B5F000C7B44 /* Products */,
			);
			sourceTree = "<group>";
		};
		7E26AFE728D20B5F000C7B44 /* Products */ = {
			isa = PBXGroup;
			children = (
				7E26AFE628D20B5F000C7B44 /* Swiftbook-iosDev-2.2-UIKit-ColorSliders.app */,
			);
			name = Products;
			sourceTree = "<group>";
		};
		7E26AFE828D20B5F000C7B44 /* Swiftbook-iosDev-2.2-UIKit-ColorSliders */ = {
			isa = PBXGroup;
			children = (
				7E26AFE928D20B5F000C7B44 /* AppDelegate.swift */,
				7E26AFEB28D20B5F000C7B44 /* SceneDelegate.swift */,
				7E26AFED28D20B5F000C7B44 /* ViewController.swift */,
				7E26AFEF28D20B5F000C7B44 /* Main.storyboard */,
				7E26AFF228D20B61000C7B44 /* Assets.xcassets */,
				7E26AFF428D20B61000C7B44 /* LaunchScreen.storyboard */,
				7E26AFF728D20B61000C7B44 /* Info.plist */,
			);
			path = "Swiftbook-iosDev-2.2-UIKit-ColorSliders";
			sourceTree = "<group>";
		};
/* End PBXGroup section */

/* Begin PBXNativeTarget section */
		7E26AFE528D20B5F000C7B44 /* Swiftbook-iosDev-2.2-UIKit-ColorSliders */ = {
			isa = PBXNativeTarget;
			buildConfigurationList = 7E26AFFA28D20B61000C7B44 /* Build configuration list for PBXNativeTarget "Swiftbook-iosDev-2.2-UIKit-ColorSliders" */;
			buildPhases = (
				7E26AFE228D20B5F000C7B44 /* Sources */,
				7E26AFE328D20B5F000C7B44 /* Frameworks */,
				7E26AFE428D20B5F000C7B44 /* Resources */,
			);
			buildRules = (
			);
			dependencies = (
			);
			name = "Swiftbook-iosDev-2.2-UIKit-ColorSliders";
			productName = "Swiftbook-iosDev-2.2-UIKit-ColorSliders";
			productReference = 7E26AFE628D20B5F000C7B44 /* Swiftbook-iosDev-2.2-UIKit-ColorSliders.app */;
			productType = "com.apple.product-type.application";
		};
/* End PBXNativeTarget section */

/* Begin PBXProject section */
		7E26AFDE28D20B5F000C7B44 /* Project object */ = {
			isa = PBXProject;
			attributes = {
				BuildIndependentTargetsInParallel = 1;
				LastSwiftUpdateCheck = 1400;
				LastUpgradeCheck = 1400;
				TargetAttributes = {
					7E26AFE528D20B5F000C7B44 = {
						CreatedOnToolsVersion = 14.0;
					};
				};
			};
			buildConfigurationList = 7E26AFE128D20B5F000C7B44 /* Build configuration list for PBXProject "Swiftbook-iosDev-2.2-UIKit-ColorSliders" */;
			compatibilityVersion = "Xcode 14.0";
			developmentRegion = en;
			hasScannedForEncodings = 0;
			knownRegions = (
				en,
				Base,
			);
			mainGroup = 7E26AFDD28D20B5F000C7B44;
			productRefGroup = 7E26AFE728D20B5F000C7B44 /* Products */;
			projectDirPath = "";
			projectRoot = "";
			targets = (
				7E26AFE528D20B5F000C7B44 /* Swiftbook-iosDev-2.2-UIKit-ColorSliders */,
			);
		};
/* End PBXProject section */

/* Begin PBXResourcesBuildPhase section */
		7E26AFE428D20B5F000C7B44 /* Resources */ = {
			isa = PBXResourcesBuildPhase;
			buildActionMask = 2147483647;
			files = (
				7E26AFF628D20B61000C7B44 /* LaunchScreen.storyboard in Resources */,
				7E26AFF328D20B61000C7B44 /* Assets.xcassets in Resources */,
				7E26AFF128D20B5F000C7B44 /* Main.storyboard in Resources */,
			);
			runOnlyForDeploymentPostprocessing = 0;
		};
/* End PBXResourcesBuildPhase section */

/* Begin PBXSourcesBuildPhase section */
		7E26AFE228D20B5F000C7B44 /* Sources */ = {
			isa = PBXSourcesBuildPhase;
			buildActionMask = 2147483647;
			files = (
				7E26AFEE28D20B5F000C7B44 /* ViewController.swift in Sources */,
				7E26AFEA28D20B5F000C7B44 /* AppDelegate.swift in Sources */,
				7E26AFEC28D20B5F000C7B44 /* SceneDelegate.swift in Sources */,
			);
			runOnlyForDeploymentPostprocessing = 0;
		};
/* End PBXSourcesBuildPhase section */

/* Begin PBXVariantGroup section */
		7E26AFEF28D20B5F000C7B44 /* Main.storyboard */ = {
			isa = PBXVariantGroup;
			children = (
				7E26AFF028D20B5F000C7B44 /* Base */,
			);
			name = Main.storyboard;
			sourceTree = "<group>";
		};
		7E26AFF428D20B61000C7B44 /* LaunchScreen.storyboard */ = {
			isa = PBXVariantGroup;
			children = (
				7E26AFF528D20B61000C7B44 /* Base */,
			);
			name = LaunchScreen.storyboard;
			sourceTree = "<group>";
		};
/* End PBXVariantGroup section */

/* Begin XCBuildConfiguration section */
		7E26AFF828D20B61000C7B44 /* Debug */ = {
			isa = XCBuildConfiguration;
			buildSettings = {
				ALWAYS_SEARCH_USER_PATHS = NO;
				CLANG_ANALYZER_NONNULL = YES;
				CLANG_ANALYZER_NUMBER_OBJECT_CONVERSION = YES_AGGRESSIVE;
				CLANG_CXX_LANGUAGE_STANDARD = "gnu++20";
				CLANG_ENABLE_MODULES = YES;
				CLANG_ENABLE_OBJC_ARC = YES;
				CLANG_ENABLE_OBJC_WEAK = YES;
				CLANG_WARN_BLOCK_CAPTURE_AUTORELEASING = YES;
				CLANG_WARN_BOOL_CONVERSION = YES;
				CLANG_WARN_COMMA = YES;
				CLANG_WARN_CONSTANT_CONVERSION = YES;
				CLANG_WARN_DEPRECATED_OBJC_IMPLEMENTATIONS = YES;
				CLANG_WARN_DIRECT_OBJC_ISA_USAGE = YES_ERROR;
				CLANG_WARN_DOCUMENTATION_COMMENTS = YES;
				CLANG_WARN_EMPTY_BODY = YES;
				CLANG_WARN_ENUM_CONVERSION = YES;
				CLANG_WARN_INFINITE_RECURSION = YES;
				CLANG_WARN_INT_CONVERSION = YES;
				CLANG_WARN_NON_LITERAL_NULL_CONVERSION = YES;
				CLANG_WARN_OBJC_IMPLICIT_RETAIN_SELF = YES;
				CLANG_WARN_OBJC_LITERAL_CONVERSION = YES;
				CLANG_WARN_OBJC_ROOT_CLASS = YES_ERROR;
				CLANG_WARN_QUOTED_INCLUDE_IN_FRAMEWORK_HEADER = YES;
				CLANG_WARN_RANGE_LOOP_ANALYSIS = YES;
				CLANG_WARN_STRICT_PROTOTYPES = YES;
				CLANG_WARN_SUSPICIOUS_MOVE = YES;
				CLANG_WARN_UNGUARDED_AVAILABILITY = YES_AGGRESSIVE;
				CLANG_WARN_UNREACHABLE_CODE = YES;
				CLANG_WARN__DUPLICATE_METHOD_MATCH = YES;
				COPY_PHASE_STRIP = NO;
				DEBUG_INFORMATION_FORMAT = dwarf;
				ENABLE_STRICT_OBJC_MSGSEND = YES;
				ENABLE_TESTABILITY = YES;
				GCC_C_LANGUAGE_STANDARD = gnu11;
				GCC_DYNAMIC_NO_PIC = NO;
				GCC_NO_COMMON_BLOCKS = YES;
				GCC_OPTIMIZATION_LEVEL = 0;
				GCC_PREPROCESSOR_DEFINITIONS = (
					"DEBUG=1",
					"$(inherited)",
				);
				GCC_WARN_64_TO_32_BIT_CONVERSION = YES;
				GCC_WARN_ABOUT_RETURN_TYPE = YES_ERROR;
				GCC_WARN_UNDECLARED_SELECTOR = YES;
				GCC_WARN_UNINITIALIZED_AUTOS = YES_AGGRESSIVE;
				GCC_WARN_UNUSED_FUNCTION = YES;
				GCC_WARN_UNUSED_VARIABLE = YES;
				IPHONEOS_DEPLOYMENT_TARGET = 16.0;
				MTL_ENABLE_DEBUG_INFO = INCLUDE_SOURCE;
				MTL_FAST_MATH = YES;
				ONLY_ACTIVE_ARCH = YES;
				SDKROOT = iphoneos;
				SWIFT_ACTIVE_COMPILATION_CONDITIONS = DEBUG;
				SWIFT_OPTIMIZATION_LEVEL = "-Onone";
			};
			name = Debug;
		};
		7E26AFF928D20B61000C7B44 /* Release */ = {
			isa = XCBuildConfiguration;
			buildSettings = {
				ALWAYS_SEARCH_USER_PATHS = NO;
				CLANG_ANALYZER_NONNULL = YES;
				CLANG_ANALYZER_NUMBER_OBJECT_CONVERSION = YES_AGGRESSIVE;
				CLANG_CXX_LANGUAGE_STANDARD = "gnu++20";
				CLANG_ENABLE_MODULES = YES;
				CLANG_ENABLE_OBJC_ARC = YES;
				CLANG_ENABLE_OBJC_WEAK = YES;
				CLANG_WARN_BLOCK_CAPTURE_AUTORELEASING = YES;
				CLANG_WARN_BOOL_CONVERSION = YES;
				CLANG_WARN_COMMA = YES;
				CLANG_WARN_CONSTANT_CONVERSION = YES;
				CLANG_WARN_DEPRECATED_OBJC_IMPLEMENTATIONS = YES;
				CLANG_WARN_DIRECT_OBJC_ISA_USAGE = YES_ERROR;
				CLANG_WARN_DOCUMENTATION_COMMENTS = YES;
				CLANG_WARN_EMPTY_BODY = YES;
				CLANG_WARN_ENUM_CONVERSION = YES;
				CLANG_WARN_INFINITE_RECURSION = YES;
				CLANG_WARN_INT_CONVERSION = YES;
				CLANG_WARN_NON_LITERAL_NULL_CONVERSION = YES;
				CLANG_WARN_OBJC_IMPLICIT_RETAIN_SELF = YES;
				CLANG_WARN_OBJC_LITERAL_CONVERSION = YES;
				CLANG_WARN_OBJC_ROOT_CLASS = YES_ERROR;
				CLANG_WARN_QUOTED_INCLUDE_IN_FRAMEWORK_HEADER = YES;
				CLANG_WARN_RANGE_LOOP_ANALYSIS = YES;
				CLANG_WARN_STRICT_PROTOTYPES = YES;
				CLANG_WARN_SUSPICIOUS_MOVE = YES;
				CLANG_WARN_UNGUARDED_AVAILABILITY = YES_AGGRESSIVE;
				CLANG_WARN_UNREACHABLE_CODE = YES;
				CLANG_WARN__DUPLICATE_METHOD_MATCH = YES;
				COPY_PHASE_STRIP = NO;
				DEBUG_INFORMATION_FORMAT = "dwarf-with-dsym";
				ENABLE_NS_ASSERTIONS = NO;
				ENABLE_STRICT_OBJC_MSGSEND = YES;
				GCC_C_LANGUAGE_STANDARD = gnu11;
				GCC_NO_COMMON_BLOCKS = YES;
				GCC_WARN_64_TO_32_BIT_CONVERSION = YES;
				GCC_WARN_ABOUT_RETURN_TYPE = YES_ERROR;
				GCC_WARN_UNDECLARED_SELECTOR = YES;
				GCC_WARN_UNINITIALIZED_AUTOS = YES_AGGRESSIVE;
				GCC_WARN_UNUSED_FUNCTION = YES;
				GCC_WARN_UNUSED_VARIABLE = YES;
				IPHONEOS_DEPLOYMENT_TARGET = 16.0;
				MTL_ENABLE_DEBUG_INFO = NO;
				MTL_FAST_MATH = YES;
				SDKROOT = iphoneos;
				SWIFT_COMPILATION_MODE = wholemodule;
				SWIFT_OPTIMIZATION_LEVEL = "-O";
				VALIDATE_PRODUCT = YES;
			};
			name = Release;
		};
		7E26AFFB28D20B61000C7B44 /* Debug */ = {
			isa = XCBuildConfiguration;
			buildSettings = {
				ASSETCATALOG_COMPILER_APPICON_NAME = AppIcon;
				ASSETCATALOG_COMPILER_GLOBAL_ACCENT_COLOR_NAME = AccentColor;
				CODE_SIGN_STYLE = Automatic;
				CURRENT_PROJECT_VERSION = 1;
				DEVELOPMENT_TEAM = U5Y87875NM;
				GENERATE_INFOPLIST_FILE = YES;
				INFOPLIST_FILE = "Swiftbook-iosDev-2.2-UIKit-ColorSliders/Info.plist";
				INFOPLIST_KEY_UIApplicationSupportsIndirectInputEvents = YES;
				INFOPLIST_KEY_UILaunchStoryboardName = LaunchScreen;
				INFOPLIST_KEY_UIMainStoryboardFile = Main;
				INFOPLIST_KEY_UISupportedInterfaceOrientations_iPad = "UIInterfaceOrientationPortrait UIInterfaceOrientationPortraitUpsideDown UIInterfaceOrientationLandscapeLeft UIInterfaceOrientationLandscapeRight";
				INFOPLIST_KEY_UISupportedInterfaceOrientations_iPhone = "UIInterfaceOrientationPortrait UIInterfaceOrientationLandscapeLeft UIInterfaceOrientationLandscapeRight";
				IPHONEOS_DEPLOYMENT_TARGET = 14.0;
				LD_RUNPATH_SEARCH_PATHS = (
					"$(inherited)",
					"@executable_path/Frameworks",
				);
				MARKETING_VERSION = 1.0;
				PRODUCT_BUNDLE_IDENTIFIER = "ru.a1dar.Swiftbook-iosDev-2-2-UIKit-ColorSliders";
				PRODUCT_NAME = "$(TARGET_NAME)";
				SWIFT_EMIT_LOC_STRINGS = YES;
				SWIFT_VERSION = 5.0;
				TARGETED_DEVICE_FAMILY = "1,2";
			};
			name = Debug;
		};
		7E26AFFC28D20B61000C7B44 /* Release */ = {
			isa = XCBuildConfiguration;
			buildSettings = {
				ASSETCATALOG_COMPILER_APPICON_NAME = AppIcon;
				ASSETCATALOG_COMPILER_GLOBAL_ACCENT_COLOR_NAME = AccentColor;
				CODE_SIGN_STYLE = Automatic;
				CURRENT_PROJECT_VERSION = 1;
				DEVELOPMENT_TEAM = U5Y87875NM;
				GENERATE_INFOPLIST_FILE = YES;
				INFOPLIST_FILE = "Swiftbook-iosDev-2.2-UIKit-ColorSliders/Info.plist";
				INFOPLIST_KEY_UIApplicationSupportsIndirectInputEvents = YES;
				INFOPLIST_KEY_UILaunchStoryboardName = LaunchScreen;
				INFOPLIST_KEY_UIMainStoryboardFile = Main;
				INFOPLIST_KEY_UISupportedInterfaceOrientations_iPad = "UIInterfaceOrientationPortrait UIInterfaceOrientationPortraitUpsideDown UIInterfaceOrientationLandscapeLeft UIInterfaceOrientationLandscapeRight";
				INFOPLIST_KEY_UISupportedInterfaceOrientations_iPhone = "UIInterfaceOrientationPortrait UIInterfaceOrientationLandscapeLeft UIInterfaceOrientationLandscapeRight";
				IPHONEOS_DEPLOYMENT_TARGET = 14.0;
				LD_RUNPATH_SEARCH_PATHS = (
					"$(inherited)",
					"@executable_path/Frameworks",
				);
				MARKETING_VERSION = 1.0;
				PRODUCT_BUNDLE_IDENTIFIER = "ru.a1dar.Swiftbook-iosDev-2-2-UIKit-ColorSliders";
				PRODUCT_NAME = "$(TARGET_NAME)";
				SWIFT_EMIT_LOC_STRINGS = YES;
				SWIFT_VERSION = 5.0;
				TARGETED_DEVICE_FAMILY = "1,2";
			};
			name = Release;
		};
/* End XCBuildConfiguration section */

/* Begin XCConfigurationList section */
		7E26AFE128D20B5F000C7B44 /* Build configuration list for PBXProject "Swiftbook-iosDev-2.2-UIKit-ColorSliders" */ = {
			isa = XCConfigurationList;
			buildConfigurations = (
				7E26AFF828D20B61000C7B44 /* Debug */,
				7E26AFF928D20B61000C7B44 /* Release */,
			);
			defaultConfigurationIsVisible = 0;
			defaultConfigurationName = Release;
		};
		7E26AFFA28D20B61000C7B44 /* Build configuration list for PBXNativeTarget "Swiftbook-iosDev-2.2-UIKit-ColorSliders" */ = {
			isa = XCConfigurationList;
			buildConfigurations = (
				7E26AFFB28D20B61000C7B44 /* Debug */,
				7E26AFFC28D20B61000C7B44 /* Release */,
			);
			defaultConfigurationIsVisible = 0;
			defaultConfigurationName = Release;
		};
/* End XCConfigurationList section */
	};
	rootObject = 7E26AFDE28D20B5F000C7B44 /* Project object */;
}
